{
  "projects": [
    {
      "projectId": "r3ASNrnyvLLLAtDvzUioQ",
      "version": "4.5.0",
      "dependencies": {},
      "lang": "ts",
      "fileLocks": [
        {
          "assetId": "r3ASNrnyvLLLAtDvzUioQ",
          "type": "projectCss",
          "checksum": "e1ec850476829c38b0f9b6d4f7ac446a"
        }
      ],
      "codegenVersion": "0.0.1"
    },
    {
      "projectId": "me8j5hgiwsuceYtrXTSFkj",
      "version": "latest",
      "dependencies": {
        "r3ASNrnyvLLLAtDvzUioQ": "4.5.0",
        "ohDidvG9XsCeFumugENU3J": "6.24.0"
      },
      "lang": "ts",
      "fileLocks": [
        {
          "type": "globalVariant",
          "assetId": "ZqoYG1bSZS5U",
          "checksum": "93c4be03ecbbeaac779a57d7db21ce55"
        },
        {
          "type": "renderModule",
          "assetId": "PcdRufHrje6g",
          "checksum": "c734e31a8b2dad08f3482e5c556d0dfd"
        },
        {
          "type": "cssRules",
          "assetId": "PcdRufHrje6g",
          "checksum": "c734e31a8b2dad08f3482e5c556d0dfd"
        },
        {
          "type": "renderModule",
          "assetId": "ZLAmOnoU8Njv",
          "checksum": "2585d8d6af51f2b1720207993f10bde5"
        },
        {
          "type": "cssRules",
          "assetId": "ZLAmOnoU8Njv",
          "checksum": "2585d8d6af51f2b1720207993f10bde5"
        },
        {
          "type": "renderModule",
          "assetId": "KjHriqwzhHzL",
          "checksum": "7c8c56e419aa874bc6ae312fa02f84df"
        },
        {
          "type": "cssRules",
          "assetId": "KjHriqwzhHzL",
          "checksum": "7c8c56e419aa874bc6ae312fa02f84df"
        },
        {
          "type": "renderModule",
          "assetId": "T868m2MaLz1c",
          "checksum": "b41991ca6aefce227fb2c53c5490dfe2"
        },
        {
          "type": "cssRules",
          "assetId": "T868m2MaLz1c",
          "checksum": "b41991ca6aefce227fb2c53c5490dfe2"
        },
        {
          "type": "icon",
          "assetId": "HjQ7dwOSOgnt",
          "checksum": "d8fb9bc824510ed2af804525acdc103c"
        },
        {
          "type": "icon",
          "assetId": "I8pDh9XRBVtI",
          "checksum": "63447f73c3b4db66d879688277deec2e"
        },
        {
          "type": "icon",
          "assetId": "6nq67rdpZJrX",
          "checksum": "89bd289f9dbdbf0fd4bad274b6c08d05"
        },
        {
          "type": "icon",
          "assetId": "ScUfbQVbYsnY",
          "checksum": "bff0f88c5624eca0940a248ff806ccf3"
        },
        {
          "type": "icon",
          "assetId": "zsIDX4aERQin",
          "checksum": "052def2735aa510f2827576a1fc361fb"
        },
        {
          "type": "icon",
          "assetId": "aO9uawZq_T88",
          "checksum": "caf5d108884a10ae4f277de7626ae496"
        },
        {
          "type": "icon",
          "assetId": "-teSAeVyFMKP",
          "checksum": "f2f8b9295f519cfbceb4a061fcc503bc"
        },
        {
          "type": "image",
          "assetId": "nkNNVCSdGRvX",
          "checksum": "0916c48e29db641d56ef39c4293810d2"
        },
        {
          "type": "image",
          "assetId": "WUAMX1P3u56r",
          "checksum": "1519e35d8c8455262e39f12ca8b446db"
        },
        {
          "type": "image",
          "assetId": "w0VU3huKXrBr",
          "checksum": "379df51394d8183bc29ded65eed1360e"
        },
        {
          "type": "image",
          "assetId": "6DVfRgjy5EG2",
          "checksum": "966672e74f2a3b845554cdafc42c31c1"
        },
        {
          "type": "image",
          "assetId": "jln64gHmg_fw",
          "checksum": "accaeb76920872570d6327160b30c63b"
        },
        {
          "type": "image",
          "assetId": "08e89EBzZuXK",
          "checksum": "65d9c4cd982f958c264b74d23114fc73"
        },
        {
          "type": "image",
          "assetId": "zAWqJy1L-mZ1",
          "checksum": "6e70af61af3aef472bcdb75516a3c213"
        },
        {
          "type": "image",
          "assetId": "VfSlJPTRmlfu",
          "checksum": "1245836265d0f3d654d23605a4a6db7c"
        },
        {
          "type": "image",
          "assetId": "ncYI_xW1vpbb",
          "checksum": "9a070bd0030f031429fb41060bc8bb94"
        },
        {
          "type": "image",
          "assetId": "LAyHMwR5LpPC",
          "checksum": "2fdc93c140d5a17c73dafe88a1ee52a4"
        },
        {
          "type": "image",
          "assetId": "yB1YlKviigRZ",
          "checksum": "942caacd112e540eab61488b19ed5439"
        },
        {
          "type": "image",
          "assetId": "CVuYSebWSe0x",
          "checksum": "6488c2f5b51f7740fa527f863a33965d"
        },
        {
          "type": "image",
          "assetId": "OJJnPJy_twb2",
          "checksum": "bf0fc6bcee0c2a3020c187c8d1953068"
        },
        {
          "type": "image",
          "assetId": "CnJ8hcq729CQ",
          "checksum": "ca9b1787b92b323dc4a3df14b1e0f10f"
        },
        {
          "type": "image",
          "assetId": "_96_FOkvJdFd",
          "checksum": "93b0db00cbee845ea7cdfd321aa5e0bc"
        },
        {
          "type": "image",
          "assetId": "cxa-QW4HiAgA",
          "checksum": "7f72e1895b8e93bc742275bf460247e0"
        },
        {
          "type": "image",
          "assetId": "7NTfM34liwI_",
          "checksum": "7e30ab68299c51a8ddd70b36291b68c2"
        },
        {
          "type": "image",
          "assetId": "mNc1IoMrfi1G",
          "checksum": "b7b7b76ff115a4c07eb974799ea002ab"
        },
        {
          "type": "image",
          "assetId": "RvAOXMxX1ufo",
          "checksum": "bf65ecff26de0a5d791a71951bb4e885"
        },
        {
          "type": "image",
          "assetId": "NXzyd5eFcuIV",
          "checksum": "523b7889680047e4362ebe84120651ef"
        },
        {
          "type": "image",
          "assetId": "064xjGfWKUK_",
          "checksum": "fc9b4110eabd2e0ccbbdb99590538f7f"
        },
        {
          "type": "image",
          "assetId": "jvnVng7SWSl2",
          "checksum": "6a730b6157743cd923d9d9e9bba6f61b"
        },
        {
          "type": "image",
          "assetId": "tNqNfWqmSAmN",
          "checksum": "97e6a60f1e922523b39d74988c83684a"
        },
        {
          "type": "image",
          "assetId": "0S5RUnexGNgD",
          "checksum": "d6fb2e2ae5a7ada2588135952ff6d146"
        },
        {
          "type": "image",
          "assetId": "-hZFj9Bkn1xz",
          "checksum": "805f5cad0c38196de78d08b19619ff15"
        },
        {
          "assetId": "me8j5hgiwsuceYtrXTSFkj",
          "type": "projectCss",
          "checksum": "627721cc9cce8e09a1c4dfc56f013b85"
        },
        {
          "assetId": "me8j5hgiwsuceYtrXTSFkj",
          "checksum": "d900e872cdf4496e85e768655c4fb63e",
          "type": "globalContexts"
        },
        {
          "type": "icon",
          "assetId": "lVCRGuTeJCoE",
          "checksum": "9aac482568cd29bf71a96e03f0ecaa3d"
        },
        {
          "type": "icon",
          "assetId": "AYqaAakFfVNu",
          "checksum": "c23d018b68777627b5f06306ae27bbee"
        },
        {
          "type": "icon",
          "assetId": "6F9hWWQvxEEu",
          "checksum": "ac4da9af30c7fc3aa4800d8798431cb5"
        },
        {
          "type": "image",
          "assetId": "hOACELb6-ksG",
          "checksum": "490bea6a2b181226d26fbdf922db0ed3"
        },
        {
          "type": "image",
          "assetId": "o-1D-Wg6p6pD",
          "checksum": "6018c8f4bcbfec8a749bdeb356a453f1"
        },
        {
          "type": "image",
          "assetId": "66UwTQ36S4yP",
          "checksum": "fdd2601aef42310050e085d6cd3a2b70"
        },
        {
          "type": "image",
          "assetId": "4ZjKFXqR8fX2",
          "checksum": "7e32d0f6eeca39f7da50fcdecce5bc94"
        },
        {
          "type": "image",
          "assetId": "zq6sTgWFhF78",
          "checksum": "035bfd0ae042fcabf0da44f691e1ee2f"
        }
      ],
      "codegenVersion": "0.0.1"
    },
    {
      "projectId": "ohDidvG9XsCeFumugENU3J",
      "version": "6.24.0",
      "dependencies": {},
      "lang": "ts",
      "fileLocks": [
        {
          "assetId": "ohDidvG9XsCeFumugENU3J",
          "type": "projectCss",
          "checksum": "fd83b730367fdbde2c69bc6cf31c2a3c"
        },
        {
          "assetId": "ohDidvG9XsCeFumugENU3J",
          "checksum": "de0a0e65174a6a185a8f822af51c6bdd",
          "type": "globalContexts"
        }
      ],
      "codegenVersion": "0.0.1"
    }
  ],
  "cliVersion": "0.1.331"
}
